// !$*UTF8*$!
{
	archiveVersion = 1;
	classes = {
	};
	objectVersion = 50;
	objects = {

/* Begin PBXBuildFile section */
		574DC46921A649F900B9BE4A /* BicicletasTabBar.swift in Sources */ = {isa = PBXBuildFile; fileRef = 574DC46821A649F900B9BE4A /* BicicletasTabBar.swift */; };
		574DC46B21A65F3800B9BE4A /* VerBicicleta.swift in Sources */ = {isa = PBXBuildFile; fileRef = 574DC46A21A65F3800B9BE4A /* VerBicicleta.swift */; };
		574DC46D21A67AA300B9BE4A /* PerfilUsuarioTabBar.swift in Sources */ = {isa = PBXBuildFile; fileRef = 574DC46C21A67AA300B9BE4A /* PerfilUsuarioTabBar.swift */; };
		574DC46F21A67FFA00B9BE4A /* profile_image_not_found.png in Resources */ = {isa = PBXBuildFile; fileRef = 574DC46E21A67FFA00B9BE4A /* profile_image_not_found.png */; };
		574DC47121A6872200B9BE4A /* PerfilDASUTabBar.swift in Sources */ = {isa = PBXBuildFile; fileRef = 574DC47021A6872200B9BE4A /* PerfilDASUTabBar.swift */; };
		574DC47321A687EA00B9BE4A /* cabi_login.png in Resources */ = {isa = PBXBuildFile; fileRef = 574DC47221A687E900B9BE4A /* cabi_login.png */; };
		579B3465218822FB007E8C30 /* AppDelegate.swift in Sources */ = {isa = PBXBuildFile; fileRef = 579B3464218822FB007E8C30 /* AppDelegate.swift */; };
		579B3467218822FB007E8C30 /* ViewController.swift in Sources */ = {isa = PBXBuildFile; fileRef = 579B3466218822FB007E8C30 /* ViewController.swift */; };
		579B346A218822FB007E8C30 /* Main.storyboard in Resources */ = {isa = PBXBuildFile; fileRef = 579B3468218822FB007E8C30 /* Main.storyboard */; };
		579B346D218822FB007E8C30 /* CABI.xcdatamodeld in Sources */ = {isa = PBXBuildFile; fileRef = 579B346B218822FB007E8C30 /* CABI.xcdatamodeld */; };
		579B346F218822FD007E8C30 /* Assets.xcassets in Resources */ = {isa = PBXBuildFile; fileRef = 579B346E218822FD007E8C30 /* Assets.xcassets */; };
		579B3472218822FD007E8C30 /* LaunchScreen.storyboard in Resources */ = {isa = PBXBuildFile; fileRef = 579B3470218822FD007E8C30 /* LaunchScreen.storyboard */; };
		579B347A21882348007E8C30 /* GoogleService-Info.plist in Resources */ = {isa = PBXBuildFile; fileRef = 579B347921882348007E8C30 /* GoogleService-Info.plist */; };
		579B347C218828A5007E8C30 /* baseline_crop_free_black_24dp.png in Resources */ = {isa = PBXBuildFile; fileRef = 579B347B218828A5007E8C30 /* baseline_crop_free_black_24dp.png */; };
		579B347E218828BF007E8C30 /* baseline_compare_arrows_black_24dp.png in Resources */ = {isa = PBXBuildFile; fileRef = 579B347D218828BF007E8C30 /* baseline_compare_arrows_black_24dp.png */; };
		579B3480218828CC007E8C30 /* baseline_directions_bike_black_24dp.png in Resources */ = {isa = PBXBuildFile; fileRef = 579B347F218828CC007E8C30 /* baseline_directions_bike_black_24dp.png */; };
		579B3482218828D8007E8C30 /* baseline_person_black_24dp.png in Resources */ = {isa = PBXBuildFile; fileRef = 579B3481218828D8007E8C30 /* baseline_person_black_24dp.png */; };
		BCEF2974D1F7050CC51238D8 /* Pods_CABI.framework in Frameworks */ = {isa = PBXBuildFile; fileRef = D020ADF6B14FF9688E3CC5E5 /* Pods_CABI.framework */; };
/* End PBXBuildFile section */

/* Begin PBXFileReference section */
		574DC46821A649F900B9BE4A /* BicicletasTabBar.swift */ = {isa = PBXFileReference; lastKnownFileType = sourcecode.swift; path = BicicletasTabBar.swift; sourceTree = "<group>"; };
		574DC46A21A65F3800B9BE4A /* VerBicicleta.swift */ = {isa = PBXFileReference; lastKnownFileType = sourcecode.swift; path = VerBicicleta.swift; sourceTree = "<group>"; };
		574DC46C21A67AA300B9BE4A /* PerfilUsuarioTabBar.swift */ = {isa = PBXFileReference; lastKnownFileType = sourcecode.swift; path = PerfilUsuarioTabBar.swift; sourceTree = "<group>"; };
		574DC46E21A67FFA00B9BE4A /* profile_image_not_found.png */ = {isa = PBXFileReference; lastKnownFileType = image.png; path = profile_image_not_found.png; sourceTree = "<group>"; };
		574DC47021A6872200B9BE4A /* PerfilDASUTabBar.swift */ = {isa = PBXFileReference; lastKnownFileType = sourcecode.swift; path = PerfilDASUTabBar.swift; sourceTree = "<group>"; };
		574DC47221A687E900B9BE4A /* cabi_login.png */ = {isa = PBXFileReference; lastKnownFileType = image.png; path = cabi_login.png; sourceTree = "<group>"; };
		579B3461218822FB007E8C30 /* CABI.app */ = {isa = PBXFileReference; explicitFileType = wrapper.application; includeInIndex = 0; path = CABI.app; sourceTree = BUILT_PRODUCTS_DIR; };
		579B3464218822FB007E8C30 /* AppDelegate.swift */ = {isa = PBXFileReference; lastKnownFileType = sourcecode.swift; path = AppDelegate.swift; sourceTree = "<group>"; };
		579B3466218822FB007E8C30 /* ViewController.swift */ = {isa = PBXFileReference; lastKnownFileType = sourcecode.swift; path = ViewController.swift; sourceTree = "<group>"; };
		579B3469218822FB007E8C30 /* Base */ = {isa = PBXFileReference; lastKnownFileType = file.storyboard; name = Base; path = Base.lproj/Main.storyboard; sourceTree = "<group>"; };
		579B346C218822FB007E8C30 /* CABI.xcdatamodel */ = {isa = PBXFileReference; lastKnownFileType = wrapper.xcdatamodel; path = CABI.xcdatamodel; sourceTree = "<group>"; };
		579B346E218822FD007E8C30 /* Assets.xcassets */ = {isa = PBXFileReference; lastKnownFileType = folder.assetcatalog; path = Assets.xcassets; sourceTree = "<group>"; };
		579B3471218822FD007E8C30 /* Base */ = {isa = PBXFileReference; lastKnownFileType = file.storyboard; name = Base; path = Base.lproj/LaunchScreen.storyboard; sourceTree = "<group>"; };
		579B3473218822FD007E8C30 /* Info.plist */ = {isa = PBXFileReference; lastKnownFileType = text.plist.xml; path = Info.plist; sourceTree = "<group>"; };
		579B347921882348007E8C30 /* GoogleService-Info.plist */ = {isa = PBXFileReference; fileEncoding = 4; lastKnownFileType = text.plist.xml; path = "GoogleService-Info.plist"; sourceTree = "<group>"; };
		579B347B218828A5007E8C30 /* baseline_crop_free_black_24dp.png */ = {isa = PBXFileReference; lastKnownFileType = image.png; path = baseline_crop_free_black_24dp.png; sourceTree = "<group>"; };
		579B347D218828BF007E8C30 /* baseline_compare_arrows_black_24dp.png */ = {isa = PBXFileReference; lastKnownFileType = image.png; path = baseline_compare_arrows_black_24dp.png; sourceTree = "<group>"; };
		579B347F218828CC007E8C30 /* baseline_directions_bike_black_24dp.png */ = {isa = PBXFileReference; lastKnownFileType = image.png; path = baseline_directions_bike_black_24dp.png; sourceTree = "<group>"; };
		579B3481218828D8007E8C30 /* baseline_person_black_24dp.png */ = {isa = PBXFileReference; lastKnownFileType = image.png; path = baseline_person_black_24dp.png; sourceTree = "<group>"; };
		86C7333EED704D7B2A636C1E /* Pods-CABI.debug.xcconfig */ = {isa = PBXFileReference; includeInIndex = 1; lastKnownFileType = text.xcconfig; name = "Pods-CABI.debug.xcconfig"; path = "Pods/Target Support Files/Pods-CABI/Pods-CABI.debug.xcconfig"; sourceTree = "<group>"; };
		D020ADF6B14FF9688E3CC5E5 /* Pods_CABI.framework */ = {isa = PBXFileReference; explicitFileType = wrapper.framework; includeInIndex = 0; path = Pods_CABI.framework; sourceTree = BUILT_PRODUCTS_DIR; };
		F5661BC6A45E60AE969B1197 /* Pods-CABI.release.xcconfig */ = {isa = PBXFileReference; includeInIndex = 1; lastKnownFileType = text.xcconfig; name = "Pods-CABI.release.xcconfig"; path = "Pods/Target Support Files/Pods-CABI/Pods-CABI.release.xcconfig"; sourceTree = "<group>"; };
/* End PBXFileReference section */

/* Begin PBXFrameworksBuildPhase section */
		579B345E218822FB007E8C30 /* Frameworks */ = {
			isa = PBXFrameworksBuildPhase;
			buildActionMask = 2147483647;
			files = (
				BCEF2974D1F7050CC51238D8 /* Pods_CABI.framework in Frameworks */,
			);
			runOnlyForDeploymentPostprocessing = 0;
		};
/* End PBXFrameworksBuildPhase section */

/* Begin PBXGroup section */
		2BDB642F75EF021B7954913B /* Frameworks */ = {
			isa = PBXGroup;
			children = (
				D020ADF6B14FF9688E3CC5E5 /* Pods_CABI.framework */,
			);
			name = Frameworks;
			sourceTree = "<group>";
		};
		579B3458218822FA007E8C30 = {
			isa = PBXGroup;
			children = (
				579B3463218822FB007E8C30 /* CABI */,
				579B3462218822FB007E8C30 /* Products */,
				6181D8A5CFB7B1EED84A85F8 /* Pods */,
				2BDB642F75EF021B7954913B /* Frameworks */,
			);
			sourceTree = "<group>";
		};
		579B3462218822FB007E8C30 /* Products */ = {
			isa = PBXGroup;
			children = (
				579B3461218822FB007E8C30 /* CABI.app */,
			);
			name = Products;
			sourceTree = "<group>";
		};
		579B3463218822FB007E8C30 /* CABI */ = {
			isa = PBXGroup;
			children = (
				579B3468218822FB007E8C30 /* Main.storyboard */,
				574DC46A21A65F3800B9BE4A /* VerBicicleta.swift */,
				579B3464218822FB007E8C30 /* AppDelegate.swift */,
				579B3466218822FB007E8C30 /* ViewController.swift */,
				574DC47021A6872200B9BE4A /* PerfilDASUTabBar.swift */,
				574DC46C21A67AA300B9BE4A /* PerfilUsuarioTabBar.swift */,
				574DC46821A649F900B9BE4A /* BicicletasTabBar.swift */,
				579B346E218822FD007E8C30 /* Assets.xcassets */,
				579B3470218822FD007E8C30 /* LaunchScreen.storyboard */,
				579B347921882348007E8C30 /* GoogleService-Info.plist */,
				574DC47221A687E900B9BE4A /* cabi_login.png */,
				579B347B218828A5007E8C30 /* baseline_crop_free_black_24dp.png */,
				574DC46E21A67FFA00B9BE4A /* profile_image_not_found.png */,
				579B347D218828BF007E8C30 /* baseline_compare_arrows_black_24dp.png */,
				579B3481218828D8007E8C30 /* baseline_person_black_24dp.png */,
				579B347F218828CC007E8C30 /* baseline_directions_bike_black_24dp.png */,
				579B3473218822FD007E8C30 /* Info.plist */,
				579B346B218822FB007E8C30 /* CABI.xcdatamodeld */,
			);
			path = CABI;
			sourceTree = "<group>";
		};
		6181D8A5CFB7B1EED84A85F8 /* Pods */ = {
			isa = PBXGroup;
			children = (
				86C7333EED704D7B2A636C1E /* Pods-CABI.debug.xcconfig */,
				F5661BC6A45E60AE969B1197 /* Pods-CABI.release.xcconfig */,
			);
			name = Pods;
			sourceTree = "<group>";
		};
/* End PBXGroup section */

/* Begin PBXNativeTarget section */
		579B3460218822FB007E8C30 /* CABI */ = {
			isa = PBXNativeTarget;
			buildConfigurationList = 579B3476218822FD007E8C30 /* Build configuration list for PBXNativeTarget "CABI" */;
			buildPhases = (
				B2A920C53F203A8F01808C1B /* [CP] Check Pods Manifest.lock */,
				579B345D218822FB007E8C30 /* Sources */,
				579B345E218822FB007E8C30 /* Frameworks */,
				579B345F218822FB007E8C30 /* Resources */,
				F26C3B93CCB2A74945F5C05A /* [CP] Embed Pods Frameworks */,
				A65AA8E3CCC8421EFA4D128F /* [CP] Copy Pods Resources */,
			);
			buildRules = (
			);
			dependencies = (
			);
			name = CABI;
			productName = CABI;
			productReference = 579B3461218822FB007E8C30 /* CABI.app */;
			productType = "com.apple.product-type.application";
		};
/* End PBXNativeTarget section */

/* Begin PBXProject section */
		579B3459218822FA007E8C30 /* Project object */ = {
			isa = PBXProject;
			attributes = {
				LastSwiftUpdateCheck = 1000;
				LastUpgradeCheck = 1000;
				ORGANIZATIONNAME = "Socket Power";
				TargetAttributes = {
					579B3460218822FB007E8C30 = {
						CreatedOnToolsVersion = 10.0;
					};
				};
			};
			buildConfigurationList = 579B345C218822FA007E8C30 /* Build configuration list for PBXProject "CABI" */;
			compatibilityVersion = "Xcode 9.3";
			developmentRegion = en;
			hasScannedForEncodings = 0;
			knownRegions = (
				en,
				Base,
			);
			mainGroup = 579B3458218822FA007E8C30;
			productRefGroup = 579B3462218822FB007E8C30 /* Products */;
			projectDirPath = "";
			projectRoot = "";
			targets = (
				579B3460218822FB007E8C30 /* CABI */,
			);
		};
/* End PBXProject section */

/* Begin PBXResourcesBuildPhase section */
		579B345F218822FB007E8C30 /* Resources */ = {
			isa = PBXResourcesBuildPhase;
			buildActionMask = 2147483647;
			files = (
				574DC47321A687EA00B9BE4A /* cabi_login.png in Resources */,
				579B3472218822FD007E8C30 /* LaunchScreen.storyboard in Resources */,
				579B3480218828CC007E8C30 /* baseline_directions_bike_black_24dp.png in Resources */,
				579B346F218822FD007E8C30 /* Assets.xcassets in Resources */,
				579B347E218828BF007E8C30 /* baseline_compare_arrows_black_24dp.png in Resources */,
				579B347A21882348007E8C30 /* GoogleService-Info.plist in Resources */,
				579B346A218822FB007E8C30 /* Main.storyboard in Resources */,
				579B347C218828A5007E8C30 /* baseline_crop_free_black_24dp.png in Resources */,
				574DC46F21A67FFA00B9BE4A /* profile_image_not_found.png in Resources */,
				579B3482218828D8007E8C30 /* baseline_person_black_24dp.png in Resources */,
			);
			runOnlyForDeploymentPostprocessing = 0;
		};
/* End PBXResourcesBuildPhase section */

/* Begin PBXShellScriptBuildPhase section */
		A65AA8E3CCC8421EFA4D128F /* [CP] Copy Pods Resources */ = {
			isa = PBXShellScriptBuildPhase;
			buildActionMask = 2147483647;
			files = (
			);
			inputPaths = (
			);
			name = "[CP] Copy Pods Resources";
			outputPaths = (
			);
			runOnlyForDeploymentPostprocessing = 0;
			shellPath = /bin/sh;
			shellScript = "\"${SRCROOT}/Pods/Target Support Files/Pods-CABI/Pods-CABI-resources.sh\"\n";
			showEnvVarsInLog = 0;
		};
		B2A920C53F203A8F01808C1B /* [CP] Check Pods Manifest.lock */ = {
			isa = PBXShellScriptBuildPhase;
			buildActionMask = 2147483647;
			files = (
			);
			inputPaths = (
				"${PODS_PODFILE_DIR_PATH}/Podfile.lock",
				"${PODS_ROOT}/Manifest.lock",
			);
			name = "[CP] Check Pods Manifest.lock";
			outputPaths = (
				"$(DERIVED_FILE_DIR)/Pods-CABI-checkManifestLockResult.txt",
			);
			runOnlyForDeploymentPostprocessing = 0;
			shellPath = /bin/sh;
			shellScript = "diff \"${PODS_PODFILE_DIR_PATH}/Podfile.lock\" \"${PODS_ROOT}/Manifest.lock\" > /dev/null\nif [ $? != 0 ] ; then\n    # print error to STDERR\n    echo \"error: The sandbox is not in sync with the Podfile.lock. Run 'pod install' or update your CocoaPods installation.\" >&2\n    exit 1\nfi\n# This output is used by Xcode 'outputs' to avoid re-running this script phase.\necho \"SUCCESS\" > \"${SCRIPT_OUTPUT_FILE_0}\"\n";
			showEnvVarsInLog = 0;
		};
		F26C3B93CCB2A74945F5C05A /* [CP] Embed Pods Frameworks */ = {
			isa = PBXShellScriptBuildPhase;
			buildActionMask = 2147483647;
			files = (
			);
			inputPaths = (
				"${SRCROOT}/Pods/Target Support Files/Pods-CABI/Pods-CABI-frameworks.sh",
				"${BUILT_PRODUCTS_DIR}/GTMSessionFetcher/GTMSessionFetcher.framework",
				"${BUILT_PRODUCTS_DIR}/GoogleToolboxForMac/GoogleToolboxForMac.framework",
				"${BUILT_PRODUCTS_DIR}/leveldb-library/leveldb.framework",
				"${BUILT_PRODUCTS_DIR}/nanopb/nanopb.framework",
			);
			name = "[CP] Embed Pods Frameworks";
			outputPaths = (
				"${TARGET_BUILD_DIR}/${FRAMEWORKS_FOLDER_PATH}/GTMSessionFetcher.framework",
				"${TARGET_BUILD_DIR}/${FRAMEWORKS_FOLDER_PATH}/GoogleToolboxForMac.framework",
				"${TARGET_BUILD_DIR}/${FRAMEWORKS_FOLDER_PATH}/leveldb.framework",
				"${TARGET_BUILD_DIR}/${FRAMEWORKS_FOLDER_PATH}/nanopb.framework",
			);
			runOnlyForDeploymentPostprocessing = 0;
			shellPath = /bin/sh;
			shellScript = "\"${SRCROOT}/Pods/Target Support Files/Pods-CABI/Pods-CABI-frameworks.sh\"\n";
			showEnvVarsInLog = 0;
		};
/* End PBXShellScriptBuildPhase section */

/* Begin PBXSourcesBuildPhase section */
		579B345D218822FB007E8C30 /* Sources */ = {
			isa = PBXSourcesBuildPhase;
			buildActionMask = 2147483647;
			files = (
				574DC47121A6872200B9BE4A /* PerfilDASUTabBar.swift in Sources */,
				574DC46921A649F900B9BE4A /* BicicletasTabBar.swift in Sources */,
				574DC46B21A65F3800B9BE4A /* VerBicicleta.swift in Sources */,
				574DC46D21A67AA300B9BE4A /* PerfilUsuarioTabBar.swift in Sources */,
				579B3467218822FB007E8C30 /* ViewController.swift in Sources */,
				579B346D218822FB007E8C30 /* CABI.xcdatamodeld in Sources */,
				579B3465218822FB007E8C30 /* AppDelegate.swift in Sources */,
			);
			runOnlyForDeploymentPostprocessing = 0;
		};
/* End PBXSourcesBuildPhase section */

/* Begin PBXVariantGroup section */
		579B3468218822FB007E8C30 /* Main.storyboard */ = {
			isa = PBXVariantGroup;
			children = (
				579B3469218822FB007E8C30 /* Base */,
			);
			name = Main.storyboard;
			sourceTree = "<group>";
		};
		579B3470218822FD007E8C30 /* LaunchScreen.storyboard */ = {
			isa = PBXVariantGroup;
			children = (
				579B3471218822FD007E8C30 /* Base */,
			);
			name = LaunchScreen.storyboard;
			sourceTree = "<group>";
		};
/* End PBXVariantGroup section */

/* Begin XCBuildConfiguration section */
		579B3474218822FD007E8C30 /* Debug */ = {
			isa = XCBuildConfiguration;
			buildSettings = {
				ALWAYS_SEARCH_USER_PATHS = NO;
				CLANG_ANALYZER_NONNULL = YES;
				CLANG_ANALYZER_NUMBER_OBJECT_CONVERSION = YES_AGGRESSIVE;
				CLANG_CXX_LANGUAGE_STANDARD = "gnu++14";
				CLANG_CXX_LIBRARY = "libc++";
				CLANG_ENABLE_MODULES = YES;
				CLANG_ENABLE_OBJC_ARC = YES;
				CLANG_ENABLE_OBJC_WEAK = YES;
				CLANG_WARN_BLOCK_CAPTURE_AUTORELEASING = YES;
				CLANG_WARN_BOOL_CONVERSION = YES;
				CLANG_WARN_COMMA = YES;
				CLANG_WARN_CONSTANT_CONVERSION = YES;
				CLANG_WARN_DEPRECATED_OBJC_IMPLEMENTATIONS = YES;
				CLANG_WARN_DIRECT_OBJC_ISA_USAGE = YES_ERROR;
				CLANG_WARN_DOCUMENTATION_COMMENTS = YES;
				CLANG_WARN_EMPTY_BODY = YES;
				CLANG_WARN_ENUM_CONVERSION = YES;
				CLANG_WARN_INFINITE_RECURSION = YES;
				CLANG_WARN_INT_CONVERSION = YES;
				CLANG_WARN_NON_LITERAL_NULL_CONVERSION = YES;
				CLANG_WARN_OBJC_IMPLICIT_RETAIN_SELF = YES;
				CLANG_WARN_OBJC_LITERAL_CONVERSION = YES;
				CLANG_WARN_OBJC_ROOT_CLASS = YES_ERROR;
				CLANG_WARN_RANGE_LOOP_ANALYSIS = YES;
				CLANG_WARN_STRICT_PROTOTYPES = YES;
				CLANG_WARN_SUSPICIOUS_MOVE = YES;
				CLANG_WARN_UNGUARDED_AVAILABILITY = YES_AGGRESSIVE;
				CLANG_WARN_UNREACHABLE_CODE = YES;
				CLANG_WARN__DUPLICATE_METHOD_MATCH = YES;
				CODE_SIGN_IDENTITY = "iPhone Developer";
				COPY_PHASE_STRIP = NO;
				DEBUG_INFORMATION_FORMAT = dwarf;
				ENABLE_STRICT_OBJC_MSGSEND = YES;
				ENABLE_TESTABILITY = YES;
				GCC_C_LANGUAGE_STANDARD = gnu11;
				GCC_DYNAMIC_NO_PIC = NO;
				GCC_NO_COMMON_BLOCKS = YES;
				GCC_OPTIMIZATION_LEVEL = 0;
				GCC_PREPROCESSOR_DEFINITIONS = (
					"DEBUG=1",
					"$(inherited)",
				);
				GCC_WARN_64_TO_32_BIT_CONVERSION = YES;
				GCC_WARN_ABOUT_RETURN_TYPE = YES_ERROR;
				GCC_WARN_UNDECLARED_SELECTOR = YES;
				GCC_WARN_UNINITIALIZED_AUTOS = YES_AGGRESSIVE;
				GCC_WARN_UNUSED_FUNCTION = YES;
				GCC_WARN_UNUSED_VARIABLE = YES;
				IPHONEOS_DEPLOYMENT_TARGET = 12.0;
				MTL_ENABLE_DEBUG_INFO = INCLUDE_SOURCE;
				MTL_FAST_MATH = YES;
				ONLY_ACTIVE_ARCH = YES;
				SDKROOT = iphoneos;
				SWIFT_ACTIVE_COMPILATION_CONDITIONS = DEBUG;
				SWIFT_OPTIMIZATION_LEVEL = "-Onone";
			};
			name = Debug;
		};
		579B3475218822FD007E8C30 /* Release */ = {
			isa = XCBuildConfiguration;
			buildSettings = {
				ALWAYS_SEARCH_USER_PATHS = NO;
				CLANG_ANALYZER_NONNULL = YES;
				CLANG_ANALYZER_NUMBER_OBJECT_CONVERSION = YES_AGGRESSIVE;
				CLANG_CXX_LANGUAGE_STANDARD = "gnu++14";
				CLANG_CXX_LIBRARY = "libc++";
				CLANG_ENABLE_MODULES = YES;
				CLANG_ENABLE_OBJC_ARC = YES;
				CLANG_ENABLE_OBJC_WEAK = YES;
				CLANG_WARN_BLOCK_CAPTURE_AUTORELEASING = YES;
				CLANG_WARN_BOOL_CONVERSION = YES;
				CLANG_WARN_COMMA = YES;
				CLANG_WARN_CONSTANT_CONVERSION = YES;
				CLANG_WARN_DEPRECATED_OBJC_IMPLEMENTATIONS = YES;
				CLANG_WARN_DIRECT_OBJC_ISA_USAGE = YES_ERROR;
				CLANG_WARN_DOCUMENTATION_COMMENTS = YES;
				CLANG_WARN_EMPTY_BODY = YES;
				CLANG_WARN_ENUM_CONVERSION = YES;
				CLANG_WARN_INFINITE_RECURSION = YES;
				CLANG_WARN_INT_CONVERSION = YES;
				CLANG_WARN_NON_LITERAL_NULL_CONVERSION = YES;
				CLANG_WARN_OBJC_IMPLICIT_RETAIN_SELF = YES;
				CLANG_WARN_OBJC_LITERAL_CONVERSION = YES;
				CLANG_WARN_OBJC_ROOT_CLASS = YES_ERROR;
				CLANG_WARN_RANGE_LOOP_ANALYSIS = YES;
				CLANG_WARN_STRICT_PROTOTYPES = YES;
				CLANG_WARN_SUSPICIOUS_MOVE = YES;
				CLANG_WARN_UNGUARDED_AVAILABILITY = YES_AGGRESSIVE;
				CLANG_WARN_UNREACHABLE_CODE = YES;
				CLANG_WARN__DUPLICATE_METHOD_MATCH = YES;
				CODE_SIGN_IDENTITY = "iPhone Developer";
				COPY_PHASE_STRIP = NO;
				DEBUG_INFORMATION_FORMAT = "dwarf-with-dsym";
				ENABLE_NS_ASSERTIONS = NO;
				ENABLE_STRICT_OBJC_MSGSEND = YES;
				GCC_C_LANGUAGE_STANDARD = gnu11;
				GCC_NO_COMMON_BLOCKS = YES;
				GCC_WARN_64_TO_32_BIT_CONVERSION = YES;
				GCC_WARN_ABOUT_RETURN_TYPE = YES_ERROR;
				GCC_WARN_UNDECLARED_SELECTOR = YES;
				GCC_WARN_UNINITIALIZED_AUTOS = YES_AGGRESSIVE;
				GCC_WARN_UNUSED_FUNCTION = YES;
				GCC_WARN_UNUSED_VARIABLE = YES;
				IPHONEOS_DEPLOYMENT_TARGET = 12.0;
				MTL_ENABLE_DEBUG_INFO = NO;
				MTL_FAST_MATH = YES;
				SDKROOT = iphoneos;
				SWIFT_COMPILATION_MODE = wholemodule;
				SWIFT_OPTIMIZATION_LEVEL = "-O";
				VALIDATE_PRODUCT = YES;
			};
			name = Release;
		};
		579B3477218822FD007E8C30 /* Debug */ = {
			isa = XCBuildConfiguration;
			baseConfigurationReference = 86C7333EED704D7B2A636C1E /* Pods-CABI.debug.xcconfig */;
			buildSettings = {
				ASSETCATALOG_COMPILER_APPICON_NAME = AppIcon;
				CODE_SIGN_STYLE = Automatic;
				DEVELOPMENT_TEAM = L6T4R29WJ2;
				INFOPLIST_FILE = CABI/Info.plist;
				LD_RUNPATH_SEARCH_PATHS = (
					"$(inherited)",
					"@executable_path/Frameworks",
				);
				PRODUCT_BUNDLE_IDENTIFIER = com.proyecto.CABI;
				PRODUCT_NAME = "$(TARGET_NAME)";
				SWIFT_VERSION = 4.2;
				TARGETED_DEVICE_FAMILY = "1,2";
			};
			name = Debug;
		};
		579B3478218822FD007E8C30 /* Release */ = {
			isa = XCBuildConfiguration;
			baseConfigurationReference = F5661BC6A45E60AE969B1197 /* Pods-CABI.release.xcconfig */;
			buildSettings = {
				ASSETCATALOG_COMPILER_APPICON_NAME = AppIcon;
				CODE_SIGN_STYLE = Automatic;
				DEVELOPMENT_TEAM = L6T4R29WJ2;
				INFOPLIST_FILE = CABI/Info.plist;
				LD_RUNPATH_SEARCH_PATHS = (
					"$(inherited)",
					"@executable_path/Frameworks",
				);
				PRODUCT_BUNDLE_IDENTIFIER = com.proyecto.CABI;
				PRODUCT_NAME = "$(TARGET_NAME)";
				SWIFT_VERSION = 4.2;
				TARGETED_DEVICE_FAMILY = "1,2";
			};
			name = Release;
		};
/* End XCBuildConfiguration section */

/* Begin XCConfigurationList section */
		579B345C218822FA007E8C30 /* Build configuration list for PBXProject "CABI" */ = {
			isa = XCConfigurationList;
			buildConfigurations = (
				579B3474218822FD007E8C30 /* Debug */,
				579B3475218822FD007E8C30 /* Release */,
			);
			defaultConfigurationIsVisible = 0;
			defaultConfigurationName = Release;
		};
		579B3476218822FD007E8C30 /* Build configuration list for PBXNativeTarget "CABI" */ = {
			isa = XCConfigurationList;
			buildConfigurations = (
				579B3477218822FD007E8C30 /* Debug */,
				579B3478218822FD007E8C30 /* Release */,
			);
			defaultConfigurationIsVisible = 0;
			defaultConfigurationName = Release;
		};
/* End XCConfigurationList section */

/* Begin XCVersionGroup section */
		579B346B218822FB007E8C30 /* CABI.xcdatamodeld */ = {
			isa = XCVersionGroup;
			children = (
				579B346C218822FB007E8C30 /* CABI.xcdatamodel */,
			);
			currentVersion = 579B346C218822FB007E8C30 /* CABI.xcdatamodel */;
			path = CABI.xcdatamodeld;
			sourceTree = "<group>";
			versionGroupType = wrapper.xcdatamodel;
		};
/* End XCVersionGroup section */
	};
	rootObject = 579B3459218822FA007E8C30 /* Project object */;
}
